
Microsoft Visual Studio Solution File, Format Version 12.00
# Visual Studio Version 17
VisualStudioVersion = 17.5.33424.131
MinimumVisualStudioVersion = 10.0.40219.1
Project("{9A19103F-16F7-4668-BE54-9A1E7A4F7556}") = "VerdantAPI", "VerdantAPI\VerdantAPI.csproj", "{66566CC6-DC09-4529-B152-55FFE2B56DC2}"
	ProjectSection(ProjectDependencies) = postProject
		{9C69184B-F0D9-4CDC-BC6B-1828B0DF8092} = {9C69184B-F0D9-4CDC-BC6B-1828B0DF8092}
	EndProjectSection
EndProject
Project("{00D1A9C2-B5F0-4AF3-8072-F6C62B433612}") = "VerdantDatabase", "VerdantDatabase\VerdantDatabase.sqlproj", "{04EDE1EB-C212-4A44-AAC6-538FBC0BC23A}"
EndProject
Project("{9A19103F-16F7-4668-BE54-9A1E7A4F7556}") = "VerdantAPI.Library", "VerdantAPI.Library\VerdantAPI.Library.csproj", "{9C69184B-F0D9-4CDC-BC6B-1828B0DF8092}"
EndProject
Project("{9A19103F-16F7-4668-BE54-9A1E7A4F7556}") = "VerdantWebUI.Library", "VerdantWebUI.Library\VerdantWebUI.Library.csproj", "{E353EF3E-638F-4B58-9D09-9DF878A5FA9D}"
EndProject
Project("{FAE04EC0-301F-11D3-BF4B-00C04F79EFBC}") = "VerdantWebUI", "VerdantWebUI\VerdantWebUI.csproj", "{64062452-9B6C-4401-82FA-C824044A100F}"
EndProject
Global
	GlobalSection(SolutionConfigurationPlatforms) = preSolution
		Debug|Any CPU = Debug|Any CPU
		Release|Any CPU = Release|Any CPU
	EndGlobalSection
	GlobalSection(ProjectConfigurationPlatforms) = postSolution
		{66566CC6-DC09-4529-B152-55FFE2B56DC2}.Debug|Any CPU.ActiveCfg = Debug|Any CPU
		{66566CC6-DC09-4529-B152-55FFE2B56DC2}.Debug|Any CPU.Build.0 = Debug|Any CPU
		{66566CC6-DC09-4529-B152-55FFE2B56DC2}.Release|Any CPU.ActiveCfg = Release|Any CPU
		{66566CC6-DC09-4529-B152-55FFE2B56DC2}.Release|Any CPU.Build.0 = Release|Any CPU
		{04EDE1EB-C212-4A44-AAC6-538FBC0BC23A}.Debug|Any CPU.ActiveCfg = Debug|Any CPU
		{04EDE1EB-C212-4A44-AAC6-538FBC0BC23A}.Debug|Any CPU.Build.0 = Debug|Any CPU
		{04EDE1EB-C212-4A44-AAC6-538FBC0BC23A}.Debug|Any CPU.Deploy.0 = Debug|Any CPU
		{04EDE1EB-C212-4A44-AAC6-538FBC0BC23A}.Release|Any CPU.ActiveCfg = Release|Any CPU
		{04EDE1EB-C212-4A44-AAC6-538FBC0BC23A}.Release|Any CPU.Build.0 = Release|Any CPU
		{04EDE1EB-C212-4A44-AAC6-538FBC0BC23A}.Release|Any CPU.Deploy.0 = Release|Any CPU
		{9C69184B-F0D9-4CDC-BC6B-1828B0DF8092}.Debug|Any CPU.ActiveCfg = Debug|Any CPU
		{9C69184B-F0D9-4CDC-BC6B-1828B0DF8092}.Debug|Any CPU.Build.0 = Debug|Any CPU
		{9C69184B-F0D9-4CDC-BC6B-1828B0DF8092}.Release|Any CPU.ActiveCfg = Release|Any CPU
		{9C69184B-F0D9-4CDC-BC6B-1828B0DF8092}.Release|Any CPU.Build.0 = Release|Any CPU
		{E353EF3E-638F-4B58-9D09-9DF878A5FA9D}.Debug|Any CPU.ActiveCfg = Debug|Any CPU
		{E353EF3E-638F-4B58-9D09-9DF878A5FA9D}.Debug|Any CPU.Build.0 = Debug|Any CPU
		{E353EF3E-638F-4B58-9D09-9DF878A5FA9D}.Release|Any CPU.ActiveCfg = Release|Any CPU
		{E353EF3E-638F-4B58-9D09-9DF878A5FA9D}.Release|Any CPU.Build.0 = Release|Any CPU
		{64062452-9B6C-4401-82FA-C824044A100F}.Debug|Any CPU.ActiveCfg = Debug|Any CPU
		{64062452-9B6C-4401-82FA-C824044A100F}.Debug|Any CPU.Build.0 = Debug|Any CPU
		{64062452-9B6C-4401-82FA-C824044A100F}.Release|Any CPU.ActiveCfg = Release|Any CPU
		{64062452-9B6C-4401-82FA-C824044A100F}.Release|Any CPU.Build.0 = Release|Any CPU
	EndGlobalSection
	GlobalSection(SolutionProperties) = preSolution
		HideSolutionNode = FALSE
	EndGlobalSection
	GlobalSection(ExtensibilityGlobals) = postSolution
		SolutionGuid = {CD09834E-01D0-4A04-8CCD-378A1E252FB4}
	EndGlobalSection
EndGlobal
